
Microsoft Visual Studio Solution File, Format Version 12.00
# Visual Studio Version 16
VisualStudioVersion = 25.0.1705.6
MinimumVisualStudioVersion = 10.0.40219.1
Project("{FAE04EC0-301F-11D3-BF4B-00C04F79EFBC}") = "IOC.Console", "IOC.Console\IOC.Console.csproj", "{7DD852F1-F0D3-4BEB-BA98-C91B472A4081}"
EndProject
Project("{FAE04EC0-301F-11D3-BF4B-00C04F79EFBC}") = "IOC.Web", "IOC.Web\IOC.Web.csproj", "{A7C44513-E228-46D1-98FD-7BD6EB446527}"
EndProject
Global
	GlobalSection(SolutionConfigurationPlatforms) = preSolution
		Debug|Any CPU = Debug|Any CPU
		Release|Any CPU = Release|Any CPU
	EndGlobalSection
	GlobalSection(ProjectConfigurationPlatforms) = postSolution
		{7DD852F1-F0D3-4BEB-BA98-C91B472A4081}.Debug|Any CPU.ActiveCfg = Debug|Any CPU
		{7DD852F1-F0D3-4BEB-BA98-C91B472A4081}.Debug|Any CPU.Build.0 = Debug|Any CPU
		{7DD852F1-F0D3-4BEB-BA98-C91B472A4081}.Release|Any CPU.ActiveCfg = Release|Any CPU
		{7DD852F1-F0D3-4BEB-BA98-C91B472A4081}.Release|Any CPU.Build.0 = Release|Any CPU
		{A7C44513-E228-46D1-98FD-7BD6EB446527}.Debug|Any CPU.ActiveCfg = Debug|Any CPU
		{A7C44513-E228-46D1-98FD-7BD6EB446527}.Debug|Any CPU.Build.0 = Debug|Any CPU
		{A7C44513-E228-46D1-98FD-7BD6EB446527}.Release|Any CPU.ActiveCfg = Release|Any CPU
		{A7C44513-E228-46D1-98FD-7BD6EB446527}.Release|Any CPU.Build.0 = Release|Any CPU
	EndGlobalSection
	GlobalSection(SolutionProperties) = preSolution
		HideSolutionNode = FALSE
	EndGlobalSection
	GlobalSection(ExtensibilityGlobals) = postSolution
		SolutionGuid = {5812A7B8-D23B-4CD3-81CF-92DDFB9F10D0}
	EndGlobalSection
EndGlobal
